
Microsoft Visual Studio Solution File, Format Version 12.00
Project("{FAE04EC0-301F-11D3-BF4B-00C04F79EFBC}") = "SecretSantaServer", "SecretSantaServer\SecretSantaServer.csproj", "{B9E08DA0-0A67-4A57-8109-19ABA3FFF086}"
EndProject
Global
	GlobalSection(SolutionConfigurationPlatforms) = preSolution
		Debug|Any CPU = Debug|Any CPU
		Release|Any CPU = Release|Any CPU
	EndGlobalSection
	GlobalSection(ProjectConfigurationPlatforms) = postSolution
		{B9E08DA0-0A67-4A57-8109-19ABA3FFF086}.Debug|Any CPU.ActiveCfg = Debug|Any CPU
		{B9E08DA0-0A67-4A57-8109-19ABA3FFF086}.Debug|Any CPU.Build.0 = Debug|Any CPU
		{B9E08DA0-0A67-4A57-8109-19ABA3FFF086}.Release|Any CPU.ActiveCfg = Release|Any CPU
		{B9E08DA0-0A67-4A57-8109-19ABA3FFF086}.Release|Any CPU.Build.0 = Release|Any CPU
	EndGlobalSection
EndGlobal
